
Microsoft Visual Studio Solution File, Format Version 12.00
# Visual Studio 15
VisualStudioVersion = 15.0.28307.168
MinimumVisualStudioVersion = 10.0.40219.1
Project("{FAE04EC0-301F-11D3-BF4B-00C04F79EFBC}") = "Gobbo.CellManager.UnitTests", "Gobbo.CellManager.UnitTests\Gobbo.CellManager.UnitTests.csproj", "{093C719A-B2D4-4999-B924-626425D95454}"
EndProject
Project("{FAE04EC0-301F-11D3-BF4B-00C04F79EFBC}") = "Gobbo.CellManager.Domain", "Gobbo.CellManager.Domain\Gobbo.CellManager.Domain.csproj", "{3DCCD4C1-607B-438D-A5A1-5DB468415D8E}"
EndProject
Global
	GlobalSection(SolutionConfigurationPlatforms) = preSolution
		Debug|Any CPU = Debug|Any CPU
		Release|Any CPU = Release|Any CPU
	EndGlobalSection
	GlobalSection(ProjectConfigurationPlatforms) = postSolution
		{093C719A-B2D4-4999-B924-626425D95454}.Debug|Any CPU.ActiveCfg = Debug|Any CPU
		{093C719A-B2D4-4999-B924-626425D95454}.Debug|Any CPU.Build.0 = Debug|Any CPU
		{093C719A-B2D4-4999-B924-626425D95454}.Release|Any CPU.ActiveCfg = Release|Any CPU
		{093C719A-B2D4-4999-B924-626425D95454}.Release|Any CPU.Build.0 = Release|Any CPU
		{3DCCD4C1-607B-438D-A5A1-5DB468415D8E}.Debug|Any CPU.ActiveCfg = Debug|Any CPU
		{3DCCD4C1-607B-438D-A5A1-5DB468415D8E}.Debug|Any CPU.Build.0 = Debug|Any CPU
		{3DCCD4C1-607B-438D-A5A1-5DB468415D8E}.Release|Any CPU.ActiveCfg = Release|Any CPU
		{3DCCD4C1-607B-438D-A5A1-5DB468415D8E}.Release|Any CPU.Build.0 = Release|Any CPU
	EndGlobalSection
	GlobalSection(SolutionProperties) = preSolution
		HideSolutionNode = FALSE
	EndGlobalSection
	GlobalSection(ExtensibilityGlobals) = postSolution
		SolutionGuid = {513E1408-1A2B-4E2E-A798-3DA4C921C712}
	EndGlobalSection
EndGlobal
